{
  "name": "virtual_city",
  "lockfileVersion": 3,
  "requires": true,
  "packages": {
    "": {
      "dependencies": {
        "@shopify/storefront-api-client": "^2.0.0"
      }
    },
    "node_modules/@shopify/graphql-client": {
      "version": "2.0.0",
      "resolved": "https://registry.npmjs.org/@shopify/graphql-client/-/graphql-client-2.0.0.tgz",
      "integrity": "sha512-SfIZa6J9Px4ZSMIVdPLNupeSyqznovV6pDVxwC1rmbi0JTVj2q/CCsOf9hLQvsMdBiyJDHVnoVHGpBzlhpwO2Q=="
    },
    "node_modules/@shopify/storefront-api-client": {
      "version": "2.0.0",
      "resolved": "https://registry.npmjs.org/@shopify/storefront-api-client/-/storefront-api-client-2.0.0.tgz",
      "integrity": "sha512-rWmPqZ+ZqsxdePpH/4sPdd+jUWHiSUeEWolJNQpqb+1KLlx79khdfJO1M9z9HfG2H0aHkmS+fnx2jr46q7NCGQ==",
      "dependencies": {
        "@shopify/graphql-client": "^2.0.0"
      }
    }
  }
}
